
Microsoft Visual Studio Solution File, Format Version 12.00
# Visual Studio Version 16
VisualStudioVersion = 16.0.32630.194
MinimumVisualStudioVersion = 10.0.40219.1
Project("{FAE04EC0-301F-11D3-BF4B-00C04F79EFBC}") = "bike_thieves", "bike_thieves\bike_thieves.csproj", "{2F7165F5-70A4-49E6-A1D4-382ED97B88C2}"
EndProject
Global
	GlobalSection(SolutionConfigurationPlatforms) = preSolution
		Debug|Any CPU = Debug|Any CPU
		Release|Any CPU = Release|Any CPU
	EndGlobalSection
	GlobalSection(ProjectConfigurationPlatforms) = postSolution
		{2F7165F5-70A4-49E6-A1D4-382ED97B88C2}.Debug|Any CPU.ActiveCfg = Debug|Any CPU
		{2F7165F5-70A4-49E6-A1D4-382ED97B88C2}.Debug|Any CPU.Build.0 = Debug|Any CPU
		{2F7165F5-70A4-49E6-A1D4-382ED97B88C2}.Release|Any CPU.ActiveCfg = Release|Any CPU
		{2F7165F5-70A4-49E6-A1D4-382ED97B88C2}.Release|Any CPU.Build.0 = Release|Any CPU
	EndGlobalSection
	GlobalSection(SolutionProperties) = preSolution
		HideSolutionNode = FALSE
	EndGlobalSection
	GlobalSection(ExtensibilityGlobals) = postSolution
		SolutionGuid = {C63CC791-C479-410E-9D2A-0D58F8D52E45}
	EndGlobalSection
EndGlobal
